
Microsoft Visual Studio Solution File, Format Version 12.00
# Visual Studio Version 17
VisualStudioVersion = 17.14.36518.9 d17.14
MinimumVisualStudioVersion = 10.0.40219.1
Project("{FAE04EC0-301F-11D3-BF4B-00C04F79EFBC}") = "MyGallery", "MyGallery\MyGallery.csproj", "{B7943609-5491-4BB7-A7FD-230DCB7D0164}"
EndProject
Global
	GlobalSection(SolutionConfigurationPlatforms) = preSolution
		Debug|Any CPU = Debug|Any CPU
		Release|Any CPU = Release|Any CPU
	EndGlobalSection
	GlobalSection(ProjectConfigurationPlatforms) = postSolution
		{B7943609-5491-4BB7-A7FD-230DCB7D0164}.Debug|Any CPU.ActiveCfg = Debug|Any CPU
		{B7943609-5491-4BB7-A7FD-230DCB7D0164}.Debug|Any CPU.Build.0 = Debug|Any CPU
		{B7943609-5491-4BB7-A7FD-230DCB7D0164}.Release|Any CPU.ActiveCfg = Release|Any CPU
		{B7943609-5491-4BB7-A7FD-230DCB7D0164}.Release|Any CPU.Build.0 = Release|Any CPU
	EndGlobalSection
	GlobalSection(SolutionProperties) = preSolution
		HideSolutionNode = FALSE
	EndGlobalSection
	GlobalSection(ExtensibilityGlobals) = postSolution
		SolutionGuid = {E5E505AD-8EC1-486A-9BA9-C0AD23B7FF7D}
	EndGlobalSection
EndGlobal
